// !$*UTF8*$!
{
	archiveVersion = 1;
	classes = {
	};
	objectVersion = 46;
	objects = {

/* Begin PBXBuildFile section */
		2C0FC0AA1E9FCB1F005A41B5 /* ChecklistItem.swift in Sources */ = {isa = PBXBuildFile; fileRef = 2C0FC0A91E9FCB1F005A41B5 /* ChecklistItem.swift */; };
		2C560B401E9BEE19003DB95E /* SignInViewController.swift in Sources */ = {isa = PBXBuildFile; fileRef = 2C560B3F1E9BEE19003DB95E /* SignInViewController.swift */; };
		2C76AC161E9A4EB700E19B8E /* GoogleService-Info.plist in Resources */ = {isa = PBXBuildFile; fileRef = 2C76AC151E9A4EB700E19B8E /* GoogleService-Info.plist */; };
		2CD8811B1E97F1280042F882 /* AppDelegate.swift in Sources */ = {isa = PBXBuildFile; fileRef = 2CD8811A1E97F1280042F882 /* AppDelegate.swift */; };
		2CD8811D1E97F1280042F882 /* ChecklistViewController.swift in Sources */ = {isa = PBXBuildFile; fileRef = 2CD8811C1E97F1280042F882 /* ChecklistViewController.swift */; };
		2CD881201E97F1280042F882 /* Main.storyboard in Resources */ = {isa = PBXBuildFile; fileRef = 2CD8811E1E97F1280042F882 /* Main.storyboard */; };
		2CD881221E97F1280042F882 /* Assets.xcassets in Resources */ = {isa = PBXBuildFile; fileRef = 2CD881211E97F1280042F882 /* Assets.xcassets */; };
		2CD881251E97F1280042F882 /* LaunchScreen.storyboard in Resources */ = {isa = PBXBuildFile; fileRef = 2CD881231E97F1280042F882 /* LaunchScreen.storyboard */; };
		B41574005479289E5BE62C7C /* Pods_________.framework in Frameworks */ = {isa = PBXBuildFile; fileRef = 2CB055D87CFC9C07B376B198 /* Pods_________.framework */; };
/* End PBXBuildFile section */

/* Begin PBXFileReference section */
		2C0FC0A91E9FCB1F005A41B5 /* ChecklistItem.swift */ = {isa = PBXFileReference; fileEncoding = 4; lastKnownFileType = sourcecode.swift; path = ChecklistItem.swift; sourceTree = "<group>"; };
		2C560B3F1E9BEE19003DB95E /* SignInViewController.swift */ = {isa = PBXFileReference; fileEncoding = 4; lastKnownFileType = sourcecode.swift; path = SignInViewController.swift; sourceTree = "<group>"; };
		2C76AC151E9A4EB700E19B8E /* GoogleService-Info.plist */ = {isa = PBXFileReference; fileEncoding = 4; lastKnownFileType = text.plist.xml; path = "GoogleService-Info.plist"; sourceTree = "<group>"; };
		2CB055D87CFC9C07B376B198 /* Pods_________.framework */ = {isa = PBXFileReference; explicitFileType = wrapper.framework; includeInIndex = 0; path = "Pods_________.framework"; sourceTree = BUILT_PRODUCTS_DIR; };
		2CD881171E97F1280042F882 /* Курсовая.app */ = {isa = PBXFileReference; explicitFileType = wrapper.application; includeInIndex = 0; path = "Курсовая.app"; sourceTree = BUILT_PRODUCTS_DIR; };
		2CD8811A1E97F1280042F882 /* AppDelegate.swift */ = {isa = PBXFileReference; lastKnownFileType = sourcecode.swift; path = AppDelegate.swift; sourceTree = "<group>"; };
		2CD8811C1E97F1280042F882 /* ChecklistViewController.swift */ = {isa = PBXFileReference; lastKnownFileType = sourcecode.swift; path = ChecklistViewController.swift; sourceTree = "<group>"; };
		2CD8811F1E97F1280042F882 /* Base */ = {isa = PBXFileReference; lastKnownFileType = file.storyboard; name = Base; path = Base.lproj/Main.storyboard; sourceTree = "<group>"; };
		2CD881211E97F1280042F882 /* Assets.xcassets */ = {isa = PBXFileReference; lastKnownFileType = folder.assetcatalog; path = Assets.xcassets; sourceTree = "<group>"; };
		2CD881241E97F1280042F882 /* Base */ = {isa = PBXFileReference; lastKnownFileType = file.storyboard; name = Base; path = Base.lproj/LaunchScreen.storyboard; sourceTree = "<group>"; };
		2CD881261E97F1280042F882 /* Info.plist */ = {isa = PBXFileReference; lastKnownFileType = text.plist.xml; path = Info.plist; sourceTree = "<group>"; };
		8E206F747640B9E5AEBE2551 /* Pods-Курсовая.release.xcconfig */ = {isa = PBXFileReference; includeInIndex = 1; lastKnownFileType = text.xcconfig; name = "Pods-Курсовая.release.xcconfig"; path = "Pods/Target Support Files/Pods-Курсовая/Pods-Курсовая.release.xcconfig"; sourceTree = "<group>"; };
		A208FE1921DFD51C2D7CE074 /* Pods-Курсовая.debug.xcconfig */ = {isa = PBXFileReference; includeInIndex = 1; lastKnownFileType = text.xcconfig; name = "Pods-Курсовая.debug.xcconfig"; path = "Pods/Target Support Files/Pods-Курсовая/Pods-Курсовая.debug.xcconfig"; sourceTree = "<group>"; };
/* End PBXFileReference section */

/* Begin PBXFrameworksBuildPhase section */
		2CD881141E97F1270042F882 /* Frameworks */ = {
			isa = PBXFrameworksBuildPhase;
			buildActionMask = 2147483647;
			files = (
				B41574005479289E5BE62C7C /* Pods_________.framework in Frameworks */,
			);
			runOnlyForDeploymentPostprocessing = 0;
		};
/* End PBXFrameworksBuildPhase section */

/* Begin PBXGroup section */
		2CD8810E1E97F1270042F882 = {
			isa = PBXGroup;
			children = (
				2CD881191E97F1280042F882 /* Курсовая */,
				2CD881181E97F1280042F882 /* Products */,
				8C816BCF90B487371D37F700 /* Pods */,
				411C6CD3BA501832DBE79D45 /* Frameworks */,
			);
			sourceTree = "<group>";
		};
		2CD881181E97F1280042F882 /* Products */ = {
			isa = PBXGroup;
			children = (
				2CD881171E97F1280042F882 /* Курсовая.app */,
			);
			name = Products;
			sourceTree = "<group>";
		};
		2CD881191E97F1280042F882 /* Курсовая */ = {
			isa = PBXGroup;
			children = (
				2CD8811A1E97F1280042F882 /* AppDelegate.swift */,
				2CD8811C1E97F1280042F882 /* ChecklistViewController.swift */,
				2CD8811E1E97F1280042F882 /* Main.storyboard */,
				2CD881211E97F1280042F882 /* Assets.xcassets */,
				2CD881231E97F1280042F882 /* LaunchScreen.storyboard */,
				2CD881261E97F1280042F882 /* Info.plist */,
				2C76AC151E9A4EB700E19B8E /* GoogleService-Info.plist */,
				2C560B3F1E9BEE19003DB95E /* SignInViewController.swift */,
				2C0FC0A91E9FCB1F005A41B5 /* ChecklistItem.swift */,
			);
			path = "Курсовая";
			sourceTree = "<group>";
		};
		411C6CD3BA501832DBE79D45 /* Frameworks */ = {
			isa = PBXGroup;
			children = (
				2CB055D87CFC9C07B376B198 /* Pods_________.framework */,
			);
			name = Frameworks;
			sourceTree = "<group>";
		};
		8C816BCF90B487371D37F700 /* Pods */ = {
			isa = PBXGroup;
			children = (
				A208FE1921DFD51C2D7CE074 /* Pods-Курсовая.debug.xcconfig */,
				8E206F747640B9E5AEBE2551 /* Pods-Курсовая.release.xcconfig */,
			);
			name = Pods;
			sourceTree = "<group>";
		};
/* End PBXGroup section */

/* Begin PBXNativeTarget section */
		2CD881161E97F1270042F882 /* Курсовая */ = {
			isa = PBXNativeTarget;
			buildConfigurationList = 2CD881291E97F1280042F882 /* Build configuration list for PBXNativeTarget "Курсовая" */;
			buildPhases = (
				7F7851451C53476B78A135C4 /* [CP] Check Pods Manifest.lock */,
				2CD881131E97F1270042F882 /* Sources */,
				2CD881141E97F1270042F882 /* Frameworks */,
				2CD881151E97F1270042F882 /* Resources */,
				F5F249C1F2C59C06997D5651 /* [CP] Embed Pods Frameworks */,
				3F57F552C56B6B33F252453B /* [CP] Copy Pods Resources */,
			);
			buildRules = (
			);
			dependencies = (
			);
			name = "Курсовая";
			productName = "Курсовая";
			productReference = 2CD881171E97F1280042F882 /* Курсовая.app */;
			productType = "com.apple.product-type.application";
		};
/* End PBXNativeTarget section */

/* Begin PBXProject section */
		2CD8810F1E97F1270042F882 /* Project object */ = {
			isa = PBXProject;
			attributes = {
				LastSwiftUpdateCheck = 0820;
				LastUpgradeCheck = 0820;
				ORGANIZATIONNAME = IvanCode;
				TargetAttributes = {
					2CD881161E97F1270042F882 = {
						CreatedOnToolsVersion = 8.2.1;
						DevelopmentTeam = JXCL7H2Z3W;
						ProvisioningStyle = Automatic;
						SystemCapabilities = {
							com.apple.Keychain = {
								enabled = 0;
							};
						};
					};
				};
			};
			buildConfigurationList = 2CD881121E97F1270042F882 /* Build configuration list for PBXProject "Курсовая" */;
			compatibilityVersion = "Xcode 3.2";
			developmentRegion = English;
			hasScannedForEncodings = 0;
			knownRegions = (
				en,
				Base,
			);
			mainGroup = 2CD8810E1E97F1270042F882;
			productRefGroup = 2CD881181E97F1280042F882 /* Products */;
			projectDirPath = "";
			projectRoot = "";
			targets = (
				2CD881161E97F1270042F882 /* Курсовая */,
			);
		};
/* End PBXProject section */

/* Begin PBXResourcesBuildPhase section */
		2CD881151E97F1270042F882 /* Resources */ = {
			isa = PBXResourcesBuildPhase;
			buildActionMask = 2147483647;
			files = (
				2CD881251E97F1280042F882 /* LaunchScreen.storyboard in Resources */,
				2C76AC161E9A4EB700E19B8E /* GoogleService-Info.plist in Resources */,
				2CD881221E97F1280042F882 /* Assets.xcassets in Resources */,
				2CD881201E97F1280042F882 /* Main.storyboard in Resources */,
			);
			runOnlyForDeploymentPostprocessing = 0;
		};
/* End PBXResourcesBuildPhase section */

/* Begin PBXShellScriptBuildPhase section */
		3F57F552C56B6B33F252453B /* [CP] Copy Pods Resources */ = {
			isa = PBXShellScriptBuildPhase;
			buildActionMask = 2147483647;
			files = (
			);
			inputPaths = (
			);
			name = "[CP] Copy Pods Resources";
			outputPaths = (
			);
			runOnlyForDeploymentPostprocessing = 0;
			shellPath = /bin/sh;
			shellScript = "\"${SRCROOT}/Pods/Target Support Files/Pods-Курсовая/Pods-Курсовая-resources.sh\"\n";
			showEnvVarsInLog = 0;
		};
		7F7851451C53476B78A135C4 /* [CP] Check Pods Manifest.lock */ = {
			isa = PBXShellScriptBuildPhase;
			buildActionMask = 2147483647;
			files = (
			);
			inputPaths = (
			);
			name = "[CP] Check Pods Manifest.lock";
			outputPaths = (
			);
			runOnlyForDeploymentPostprocessing = 0;
			shellPath = /bin/sh;
			shellScript = "diff \"${PODS_ROOT}/../Podfile.lock\" \"${PODS_ROOT}/Manifest.lock\" > /dev/null\nif [ $? != 0 ] ; then\n    # print error to STDERR\n    echo \"error: The sandbox is not in sync with the Podfile.lock. Run 'pod install' or update your CocoaPods installation.\" >&2\n    exit 1\nfi\n";
			showEnvVarsInLog = 0;
		};
		F5F249C1F2C59C06997D5651 /* [CP] Embed Pods Frameworks */ = {
			isa = PBXShellScriptBuildPhase;
			buildActionMask = 2147483647;
			files = (
			);
			inputPaths = (
			);
			name = "[CP] Embed Pods Frameworks";
			outputPaths = (
			);
			runOnlyForDeploymentPostprocessing = 0;
			shellPath = /bin/sh;
			shellScript = "\"${SRCROOT}/Pods/Target Support Files/Pods-Курсовая/Pods-Курсовая-frameworks.sh\"\n";
			showEnvVarsInLog = 0;
		};
/* End PBXShellScriptBuildPhase section */

/* Begin PBXSourcesBuildPhase section */
		2CD881131E97F1270042F882 /* Sources */ = {
			isa = PBXSourcesBuildPhase;
			buildActionMask = 2147483647;
			files = (
				2CD8811D1E97F1280042F882 /* ChecklistViewController.swift in Sources */,
				2CD8811B1E97F1280042F882 /* AppDelegate.swift in Sources */,
				2C560B401E9BEE19003DB95E /* SignInViewController.swift in Sources */,
				2C0FC0AA1E9FCB1F005A41B5 /* ChecklistItem.swift in Sources */,
			);
			runOnlyForDeploymentPostprocessing = 0;
		};
/* End PBXSourcesBuildPhase section */

/* Begin PBXVariantGroup section */
		2CD8811E1E97F1280042F882 /* Main.storyboard */ = {
			isa = PBXVariantGroup;
			children = (
				2CD8811F1E97F1280042F882 /* Base */,
			);
			name = Main.storyboard;
			sourceTree = "<group>";
		};
		2CD881231E97F1280042F882 /* LaunchScreen.storyboard */ = {
			isa = PBXVariantGroup;
			children = (
				2CD881241E97F1280042F882 /* Base */,
			);
			name = LaunchScreen.storyboard;
			sourceTree = "<group>";
		};
/* End PBXVariantGroup section */

/* Begin XCBuildConfiguration section */
		2CD881271E97F1280042F882 /* Debug */ = {
			isa = XCBuildConfiguration;
			buildSettings = {
				ALWAYS_SEARCH_USER_PATHS = NO;
				CLANG_ANALYZER_NONNULL = YES;
				CLANG_CXX_LANGUAGE_STANDARD = "gnu++0x";
				CLANG_CXX_LIBRARY = "libc++";
				CLANG_ENABLE_MODULES = YES;
				CLANG_ENABLE_OBJC_ARC = YES;
				CLANG_WARN_BOOL_CONVERSION = YES;
				CLANG_WARN_CONSTANT_CONVERSION = YES;
				CLANG_WARN_DIRECT_OBJC_ISA_USAGE = YES_ERROR;
				CLANG_WARN_DOCUMENTATION_COMMENTS = YES;
				CLANG_WARN_EMPTY_BODY = YES;
				CLANG_WARN_ENUM_CONVERSION = YES;
				CLANG_WARN_INFINITE_RECURSION = YES;
				CLANG_WARN_INT_CONVERSION = YES;
				CLANG_WARN_OBJC_ROOT_CLASS = YES_ERROR;
				CLANG_WARN_SUSPICIOUS_MOVE = YES;
				CLANG_WARN_UNREACHABLE_CODE = YES;
				CLANG_WARN__DUPLICATE_METHOD_MATCH = YES;
				"CODE_SIGN_IDENTITY[sdk=iphoneos*]" = "iPhone Developer";
				COPY_PHASE_STRIP = NO;
				DEBUG_INFORMATION_FORMAT = dwarf;
				ENABLE_STRICT_OBJC_MSGSEND = YES;
				ENABLE_TESTABILITY = YES;
				GCC_C_LANGUAGE_STANDARD = gnu99;
				GCC_DYNAMIC_NO_PIC = NO;
				GCC_NO_COMMON_BLOCKS = YES;
				GCC_OPTIMIZATION_LEVEL = 0;
				GCC_PREPROCESSOR_DEFINITIONS = (
					"DEBUG=1",
					"$(inherited)",
				);
				GCC_WARN_64_TO_32_BIT_CONVERSION = YES;
				GCC_WARN_ABOUT_RETURN_TYPE = YES_ERROR;
				GCC_WARN_UNDECLARED_SELECTOR = YES;
				GCC_WARN_UNINITIALIZED_AUTOS = YES_AGGRESSIVE;
				GCC_WARN_UNUSED_FUNCTION = YES;
				GCC_WARN_UNUSED_VARIABLE = YES;
				IPHONEOS_DEPLOYMENT_TARGET = 9.3;
				MTL_ENABLE_DEBUG_INFO = YES;
				ONLY_ACTIVE_ARCH = YES;
				SDKROOT = iphoneos;
				SWIFT_ACTIVE_COMPILATION_CONDITIONS = DEBUG;
				SWIFT_OPTIMIZATION_LEVEL = "-Onone";
			};
			name = Debug;
		};
		2CD881281E97F1280042F882 /* Release */ = {
			isa = XCBuildConfiguration;
			buildSettings = {
				ALWAYS_SEARCH_USER_PATHS = NO;
				CLANG_ANALYZER_NONNULL = YES;
				CLANG_CXX_LANGUAGE_STANDARD = "gnu++0x";
				CLANG_CXX_LIBRARY = "libc++";
				CLANG_ENABLE_MODULES = YES;
				CLANG_ENABLE_OBJC_ARC = YES;
				CLANG_WARN_BOOL_CONVERSION = YES;
				CLANG_WARN_CONSTANT_CONVERSION = YES;
				CLANG_WARN_DIRECT_OBJC_ISA_USAGE = YES_ERROR;
				CLANG_WARN_DOCUMENTATION_COMMENTS = YES;
				CLANG_WARN_EMPTY_BODY = YES;
				CLANG_WARN_ENUM_CONVERSION = YES;
				CLANG_WARN_INFINITE_RECURSION = YES;
				CLANG_WARN_INT_CONVERSION = YES;
				CLANG_WARN_OBJC_ROOT_CLASS = YES_ERROR;
				CLANG_WARN_SUSPICIOUS_MOVE = YES;
				CLANG_WARN_UNREACHABLE_CODE = YES;
				CLANG_WARN__DUPLICATE_METHOD_MATCH = YES;
				"CODE_SIGN_IDENTITY[sdk=iphoneos*]" = "iPhone Developer";
				COPY_PHASE_STRIP = NO;
				DEBUG_INFORMATION_FORMAT = "dwarf-with-dsym";
				ENABLE_NS_ASSERTIONS = NO;
				ENABLE_STRICT_OBJC_MSGSEND = YES;
				GCC_C_LANGUAGE_STANDARD = gnu99;
				GCC_NO_COMMON_BLOCKS = YES;
				GCC_WARN_64_TO_32_BIT_CONVERSION = YES;
				GCC_WARN_ABOUT_RETURN_TYPE = YES_ERROR;
				GCC_WARN_UNDECLARED_SELECTOR = YES;
				GCC_WARN_UNINITIALIZED_AUTOS = YES_AGGRESSIVE;
				GCC_WARN_UNUSED_FUNCTION = YES;
				GCC_WARN_UNUSED_VARIABLE = YES;
				IPHONEOS_DEPLOYMENT_TARGET = 9.3;
				MTL_ENABLE_DEBUG_INFO = NO;
				SDKROOT = iphoneos;
				SWIFT_OPTIMIZATION_LEVEL = "-Owholemodule";
				VALIDATE_PRODUCT = YES;
			};
			name = Release;
		};
		2CD8812A1E97F1280042F882 /* Debug */ = {
			isa = XCBuildConfiguration;
			baseConfigurationReference = A208FE1921DFD51C2D7CE074 /* Pods-Курсовая.debug.xcconfig */;
			buildSettings = {
				ASSETCATALOG_COMPILER_APPICON_NAME = AppIcon;
				DEVELOPMENT_TEAM = JXCL7H2Z3W;
				INFOPLIST_FILE = "Курсовая/Info.plist";
				IPHONEOS_DEPLOYMENT_TARGET = 9.3;
				LD_RUNPATH_SEARCH_PATHS = "$(inherited) @executable_path/Frameworks";
				PRODUCT_BUNDLE_IDENTIFIER = "com.IvanCode.--------";
				PRODUCT_NAME = "$(TARGET_NAME)";
				SWIFT_VERSION = 3.0;
			};
			name = Debug;
		};
		2CD8812B1E97F1280042F882 /* Release */ = {
			isa = XCBuildConfiguration;
			baseConfigurationReference = 8E206F747640B9E5AEBE2551 /* Pods-Курсовая.release.xcconfig */;
			buildSettings = {
				ASSETCATALOG_COMPILER_APPICON_NAME = AppIcon;
				DEVELOPMENT_TEAM = JXCL7H2Z3W;
				INFOPLIST_FILE = "Курсовая/Info.plist";
				IPHONEOS_DEPLOYMENT_TARGET = 9.3;
				LD_RUNPATH_SEARCH_PATHS = "$(inherited) @executable_path/Frameworks";
				PRODUCT_BUNDLE_IDENTIFIER = "com.IvanCode.--------";
				PRODUCT_NAME = "$(TARGET_NAME)";
				SWIFT_VERSION = 3.0;
			};
			name = Release;
		};
/* End XCBuildConfiguration section */

/* Begin XCConfigurationList section */
		2CD881121E97F1270042F882 /* Build configuration list for PBXProject "Курсовая" */ = {
			isa = XCConfigurationList;
			buildConfigurations = (
				2CD881271E97F1280042F882 /* Debug */,
				2CD881281E97F1280042F882 /* Release */,
			);
			defaultConfigurationIsVisible = 0;
			defaultConfigurationName = Release;
		};
		2CD881291E97F1280042F882 /* Build configuration list for PBXNativeTarget "Курсовая" */ = {
			isa = XCConfigurationList;
			buildConfigurations = (
				2CD8812A1E97F1280042F882 /* Debug */,
				2CD8812B1E97F1280042F882 /* Release */,
			);
			defaultConfigurationIsVisible = 0;
			defaultConfigurationName = Release;
		};
/* End XCConfigurationList section */
	};
	rootObject = 2CD8810F1E97F1270042F882 /* Project object */;
}
